{
  "name": "fullprint-zpl-renderer",
  "version": "1.0.0",
  "lockfileVersion": 3,
  "requires": true,
  "packages": {
    "": {
      "name": "fullprint-zpl-renderer",
      "version": "1.0.0",
      "dependencies": {
        "zpl-renderer-js": "^3.4.0"
      }
    },
    "node_modules/zpl-renderer-js": {
      "version": "3.4.0",
      "resolved": "https://registry.npmjs.org/zpl-renderer-js/-/zpl-renderer-js-3.4.0.tgz",
      "integrity": "sha512-f9UEII6J2sPR+4pqR4MtEu3oXc7k1i9W402XYyjAN/LAinJp7EP5EmJ/gfr0pOZjNuSWH/Wx+1MgUBHBEGU8mQ==",
      "license": "MIT"
    }
  }
}
